// !$*UTF8*$!
{
	archiveVersion = 1;
	classes = {
	};
	objectVersion = 50;
	objects = {

/* Begin PBXBuildFile section */
		0A4F91E2217AD80E0049ACC0 /* StepKitManager.swift in Sources */ = {isa = PBXBuildFile; fileRef = 0A4F91E1217AD80E0049ACC0 /* StepKitManager.swift */; };
		0A4F91E9217AD8170049ACC0 /* DayRecord.swift in Sources */ = {isa = PBXBuildFile; fileRef = 0A4F91E4217AD8170049ACC0 /* DayRecord.swift */; };
		0A4F91EC217AD8170049ACC0 /* MonthRecord.swift in Sources */ = {isa = PBXBuildFile; fileRef = 0A4F91E7217AD8170049ACC0 /* MonthRecord.swift */; };
		0AA071D321688D3B00142E4C /* AppDelegate.swift in Sources */ = {isa = PBXBuildFile; fileRef = 0AA071D221688D3B00142E4C /* AppDelegate.swift */; };
		0AA071D521688D3B00142E4C /* ViewController.swift in Sources */ = {isa = PBXBuildFile; fileRef = 0AA071D421688D3B00142E4C /* ViewController.swift */; };
		0AA071D821688D3B00142E4C /* Main.storyboard in Resources */ = {isa = PBXBuildFile; fileRef = 0AA071D621688D3B00142E4C /* Main.storyboard */; };
		0AA071DA21688D3D00142E4C /* Assets.xcassets in Resources */ = {isa = PBXBuildFile; fileRef = 0AA071D921688D3D00142E4C /* Assets.xcassets */; };
		0AA071DD21688D3D00142E4C /* LaunchScreen.storyboard in Resources */ = {isa = PBXBuildFile; fileRef = 0AA071DB21688D3D00142E4C /* LaunchScreen.storyboard */; };
		0AA071E72168969E00142E4C /* HealthKit.framework in Frameworks */ = {isa = PBXBuildFile; fileRef = 0AA071E62168969E00142E4C /* HealthKit.framework */; };
		0AB68D56219592B0005BD855 /* CoreMotionManager.swift in Sources */ = {isa = PBXBuildFile; fileRef = 0AB68D55219592B0005BD855 /* CoreMotionManager.swift */; };
		0ACD1C052190822F00041E38 /* XCGLogger.framework in Frameworks */ = {isa = PBXBuildFile; fileRef = 0AE1D288219080620050FC3B /* XCGLogger.framework */; };
		0ACD1C062190822F00041E38 /* XCGLogger.framework in Embed Frameworks */ = {isa = PBXBuildFile; fileRef = 0AE1D288219080620050FC3B /* XCGLogger.framework */; settings = {ATTRIBUTES = (CodeSignOnCopy, RemoveHeadersOnCopy, ); }; };
		0ACD1C0A2190825200041E38 /* ObjcExceptionBridging.framework in Frameworks */ = {isa = PBXBuildFile; fileRef = 0AE1D298219080620050FC3B /* ObjcExceptionBridging.framework */; };
		0ACD1C0B2190825200041E38 /* ObjcExceptionBridging.framework in Embed Frameworks */ = {isa = PBXBuildFile; fileRef = 0AE1D298219080620050FC3B /* ObjcExceptionBridging.framework */; settings = {ATTRIBUTES = (CodeSignOnCopy, RemoveHeadersOnCopy, ); }; };
		0AE1D29F219080970050FC3B /* XCGLogger.framework in Frameworks */ = {isa = PBXBuildFile; fileRef = 0AE1D288219080620050FC3B /* XCGLogger.framework */; };
/* End PBXBuildFile section */

/* Begin PBXContainerItemProxy section */
		0ACD1C072190822F00041E38 /* PBXContainerItemProxy */ = {
			isa = PBXContainerItemProxy;
			containerPortal = 0AE1D278219080620050FC3B /* XCGLogger.xcodeproj */;
			proxyType = 1;
			remoteGlobalIDString = 55E3EE4419D76F280068C3A7;
			remoteInfo = "XCGLogger (iOS)";
		};
		0ACD1C0C2190825200041E38 /* PBXContainerItemProxy */ = {
			isa = PBXContainerItemProxy;
			containerPortal = 0AE1D278219080620050FC3B /* XCGLogger.xcodeproj */;
			proxyType = 1;
			remoteGlobalIDString = 7573B4BD1DE4146300726CE1;
			remoteInfo = "ObjcExceptionBridging (iOS)";
		};
		0AE1D287219080620050FC3B /* PBXContainerItemProxy */ = {
			isa = PBXContainerItemProxy;
			containerPortal = 0AE1D278219080620050FC3B /* XCGLogger.xcodeproj */;
			proxyType = 2;
			remoteGlobalIDString = 55E3EE4519D76F280068C3A7;
			remoteInfo = "XCGLogger (iOS)";
		};
		0AE1D289219080620050FC3B /* PBXContainerItemProxy */ = {
			isa = PBXContainerItemProxy;
			containerPortal = 0AE1D278219080620050FC3B /* XCGLogger.xcodeproj */;
			proxyType = 2;
			remoteGlobalIDString = 554DF41719D76FE7005708BE;
			remoteInfo = "XCGLogger (macOS)";
		};
		0AE1D28B219080620050FC3B /* PBXContainerItemProxy */ = {
			isa = PBXContainerItemProxy;
			containerPortal = 0AE1D278219080620050FC3B /* XCGLogger.xcodeproj */;
			proxyType = 2;
			remoteGlobalIDString = 70CB94201B99E728007802FF;
			remoteInfo = "XCGLogger (watchOS)";
		};
		0AE1D28D219080620050FC3B /* PBXContainerItemProxy */ = {
			isa = PBXContainerItemProxy;
			containerPortal = 0AE1D278219080620050FC3B /* XCGLogger.xcodeproj */;
			proxyType = 2;
			remoteGlobalIDString = 5515A3DF1BA119FA0047BA31;
			remoteInfo = "XCGLogger (tvOS)";
		};
		0AE1D28F219080620050FC3B /* PBXContainerItemProxy */ = {
			isa = PBXContainerItemProxy;
			containerPortal = 0AE1D278219080620050FC3B /* XCGLogger.xcodeproj */;
			proxyType = 2;
			remoteGlobalIDString = 55E3EE5019D76F280068C3A7;
			remoteInfo = "XCGLoggerTests (iOS)";
		};
		0AE1D291219080620050FC3B /* PBXContainerItemProxy */ = {
			isa = PBXContainerItemProxy;
			containerPortal = 0AE1D278219080620050FC3B /* XCGLogger.xcodeproj */;
			proxyType = 2;
			remoteGlobalIDString = 55BB1F011B79DC7500709779;
			remoteInfo = "XCGLoggerTests (macOS)";
		};
		0AE1D293219080620050FC3B /* PBXContainerItemProxy */ = {
			isa = PBXContainerItemProxy;
			containerPortal = 0AE1D278219080620050FC3B /* XCGLogger.xcodeproj */;
			proxyType = 2;
			remoteGlobalIDString = 558EEB851D6BAC61006A9C7A;
			remoteInfo = "XCGLoggerTests (watchOS)";
		};
		0AE1D295219080620050FC3B /* PBXContainerItemProxy */ = {
			isa = PBXContainerItemProxy;
			containerPortal = 0AE1D278219080620050FC3B /* XCGLogger.xcodeproj */;
			proxyType = 2;
			remoteGlobalIDString = 558EEB921D6BAC66006A9C7A;
			remoteInfo = "XCGLoggerTests (tvOS)";
		};
		0AE1D297219080620050FC3B /* PBXContainerItemProxy */ = {
			isa = PBXContainerItemProxy;
			containerPortal = 0AE1D278219080620050FC3B /* XCGLogger.xcodeproj */;
			proxyType = 2;
			remoteGlobalIDString = 7573B4BE1DE4146300726CE1;
			remoteInfo = "ObjcExceptionBridging (iOS)";
		};
		0AE1D299219080620050FC3B /* PBXContainerItemProxy */ = {
			isa = PBXContainerItemProxy;
			containerPortal = 0AE1D278219080620050FC3B /* XCGLogger.xcodeproj */;
			proxyType = 2;
			remoteGlobalIDString = 7573B4E11DE41AC200726CE1;
			remoteInfo = "ObjcExceptionBridging (macOS)";
		};
		0AE1D29B219080620050FC3B /* PBXContainerItemProxy */ = {
			isa = PBXContainerItemProxy;
			containerPortal = 0AE1D278219080620050FC3B /* XCGLogger.xcodeproj */;
			proxyType = 2;
			remoteGlobalIDString = 7573B4F01DE41B1800726CE1;
			remoteInfo = "ObjcExceptionBridging (watchOS)";
		};
		0AE1D29D219080620050FC3B /* PBXContainerItemProxy */ = {
			isa = PBXContainerItemProxy;
			containerPortal = 0AE1D278219080620050FC3B /* XCGLogger.xcodeproj */;
			proxyType = 2;
			remoteGlobalIDString = 7573B5011DE41B5000726CE1;
			remoteInfo = "ObjcExceptionBridging (tvOS)";
		};
/* End PBXContainerItemProxy section */

/* Begin PBXCopyFilesBuildPhase section */
		0ACD1C092190823000041E38 /* Embed Frameworks */ = {
			isa = PBXCopyFilesBuildPhase;
			buildActionMask = 2147483647;
			dstPath = "";
			dstSubfolderSpec = 10;
			files = (
				0ACD1C0B2190825200041E38 /* ObjcExceptionBridging.framework in Embed Frameworks */,
				0ACD1C062190822F00041E38 /* XCGLogger.framework in Embed Frameworks */,
			);
			name = "Embed Frameworks";
			runOnlyForDeploymentPostprocessing = 0;
		};
/* End PBXCopyFilesBuildPhase section */

/* Begin PBXFileReference section */
		0A4F91E1217AD80E0049ACC0 /* StepKitManager.swift */ = {isa = PBXFileReference; fileEncoding = 4; lastKnownFileType = sourcecode.swift; name = StepKitManager.swift; path = Classes/StepKitManager.swift; sourceTree = "<group>"; };
		0A4F91E4217AD8170049ACC0 /* DayRecord.swift */ = {isa = PBXFileReference; fileEncoding = 4; lastKnownFileType = sourcecode.swift; name = DayRecord.swift; path = Classes/DayRecord.swift; sourceTree = "<group>"; };
		0A4F91E7217AD8170049ACC0 /* MonthRecord.swift */ = {isa = PBXFileReference; fileEncoding = 4; lastKnownFileType = sourcecode.swift; name = MonthRecord.swift; path = Classes/MonthRecord.swift; sourceTree = "<group>"; };
		0AA071CF21688D3B00142E4C /* StepKit.app */ = {isa = PBXFileReference; explicitFileType = wrapper.application; includeInIndex = 0; path = StepKit.app; sourceTree = BUILT_PRODUCTS_DIR; };
		0AA071D221688D3B00142E4C /* AppDelegate.swift */ = {isa = PBXFileReference; lastKnownFileType = sourcecode.swift; path = AppDelegate.swift; sourceTree = "<group>"; };
		0AA071D421688D3B00142E4C /* ViewController.swift */ = {isa = PBXFileReference; lastKnownFileType = sourcecode.swift; path = ViewController.swift; sourceTree = "<group>"; };
		0AA071D721688D3B00142E4C /* Base */ = {isa = PBXFileReference; lastKnownFileType = file.storyboard; name = Base; path = Base.lproj/Main.storyboard; sourceTree = "<group>"; };
		0AA071D921688D3D00142E4C /* Assets.xcassets */ = {isa = PBXFileReference; lastKnownFileType = folder.assetcatalog; path = Assets.xcassets; sourceTree = "<group>"; };
		0AA071DC21688D3D00142E4C /* Base */ = {isa = PBXFileReference; lastKnownFileType = file.storyboard; name = Base; path = Base.lproj/LaunchScreen.storyboard; sourceTree = "<group>"; };
		0AA071DE21688D3D00142E4C /* Info.plist */ = {isa = PBXFileReference; lastKnownFileType = text.plist.xml; path = Info.plist; sourceTree = "<group>"; };
		0AA071E42168969E00142E4C /* StepKit.entitlements */ = {isa = PBXFileReference; lastKnownFileType = text.plist.entitlements; path = StepKit.entitlements; sourceTree = "<group>"; };
		0AA071E62168969E00142E4C /* HealthKit.framework */ = {isa = PBXFileReference; lastKnownFileType = wrapper.framework; name = HealthKit.framework; path = System/Library/Frameworks/HealthKit.framework; sourceTree = SDKROOT; };
		0AB68D55219592B0005BD855 /* CoreMotionManager.swift */ = {isa = PBXFileReference; lastKnownFileType = sourcecode.swift; name = CoreMotionManager.swift; path = Classes/CoreMotionManager.swift; sourceTree = "<group>"; };
		0AE1D278219080620050FC3B /* XCGLogger.xcodeproj */ = {isa = PBXFileReference; lastKnownFileType = "wrapper.pb-project"; name = XCGLogger.xcodeproj; path = ../../XCGLogger/XCGLogger.xcodeproj; sourceTree = "<group>"; };
/* End PBXFileReference section */

/* Begin PBXFrameworksBuildPhase section */
		0AA071CC21688D3B00142E4C /* Frameworks */ = {
			isa = PBXFrameworksBuildPhase;
			buildActionMask = 2147483647;
			files = (
				0AE1D29F219080970050FC3B /* XCGLogger.framework in Frameworks */,
				0AA071E72168969E00142E4C /* HealthKit.framework in Frameworks */,
				0ACD1C0A2190825200041E38 /* ObjcExceptionBridging.framework in Frameworks */,
				0ACD1C052190822F00041E38 /* XCGLogger.framework in Frameworks */,
			);
			runOnlyForDeploymentPostprocessing = 0;
		};
/* End PBXFrameworksBuildPhase section */

/* Begin PBXGroup section */
		0A4F91DE217AD79D0049ACC0 /* StepKit */ = {
			isa = PBXGroup;
			children = (
				0A4F91E1217AD80E0049ACC0 /* StepKitManager.swift */,
				0AB68D55219592B0005BD855 /* CoreMotionManager.swift */,
				0A4F91E0217AD7BA0049ACC0 /* Model */,
			);
			name = StepKit;
			sourceTree = "<group>";
		};
		0A4F91E0217AD7BA0049ACC0 /* Model */ = {
			isa = PBXGroup;
			children = (
				0A4F91E7217AD8170049ACC0 /* MonthRecord.swift */,
				0A4F91E4217AD8170049ACC0 /* DayRecord.swift */,
			);
			name = Model;
			sourceTree = "<group>";
		};
		0AA071C621688D3B00142E4C = {
			isa = PBXGroup;
			children = (
				0AA071D121688D3B00142E4C /* StepKit */,
				0AA071D021688D3B00142E4C /* Products */,
				0AA071E52168969E00142E4C /* Frameworks */,
			);
			sourceTree = "<group>";
		};
		0AA071D021688D3B00142E4C /* Products */ = {
			isa = PBXGroup;
			children = (
				0AA071CF21688D3B00142E4C /* StepKit.app */,
			);
			name = Products;
			sourceTree = "<group>";
		};
		0AA071D121688D3B00142E4C /* StepKit */ = {
			isa = PBXGroup;
			children = (
				0AA071E42168969E00142E4C /* StepKit.entitlements */,
				0AA071D221688D3B00142E4C /* AppDelegate.swift */,
				0AA071D421688D3B00142E4C /* ViewController.swift */,
				0A4F91DE217AD79D0049ACC0 /* StepKit */,
				0AA071D621688D3B00142E4C /* Main.storyboard */,
				0AA071D921688D3D00142E4C /* Assets.xcassets */,
				0AA071DB21688D3D00142E4C /* LaunchScreen.storyboard */,
				0AA071DE21688D3D00142E4C /* Info.plist */,
				0AE1D278219080620050FC3B /* XCGLogger.xcodeproj */,
			);
			path = StepKit;
			sourceTree = "<group>";
		};
		0AA071E52168969E00142E4C /* Frameworks */ = {
			isa = PBXGroup;
			children = (
				0AA071E62168969E00142E4C /* HealthKit.framework */,
			);
			name = Frameworks;
			sourceTree = "<group>";
		};
		0AE1D279219080620050FC3B /* Products */ = {
			isa = PBXGroup;
			children = (
				0AE1D288219080620050FC3B /* XCGLogger.framework */,
				0AE1D28A219080620050FC3B /* XCGLogger.framework */,
				0AE1D28C219080620050FC3B /* XCGLogger.framework */,
				0AE1D28E219080620050FC3B /* XCGLogger.framework */,
				0AE1D290219080620050FC3B /* XCGLoggerTests (iOS).xctest */,
				0AE1D292219080620050FC3B /* XCGLoggerTests (macOS).xctest */,
				0AE1D294219080620050FC3B /* XCGLoggerTests (watchOS).xctest */,
				0AE1D296219080620050FC3B /* XCGLoggerTests (tvOS).xctest */,
				0AE1D298219080620050FC3B /* ObjcExceptionBridging.framework */,
				0AE1D29A219080620050FC3B /* ObjcExceptionBridging.framework */,
				0AE1D29C219080620050FC3B /* ObjcExceptionBridging.framework */,
				0AE1D29E219080620050FC3B /* ObjcExceptionBridging.framework */,
			);
			name = Products;
			sourceTree = "<group>";
		};
/* End PBXGroup section */

/* Begin PBXNativeTarget section */
		0AA071CE21688D3B00142E4C /* StepKit */ = {
			isa = PBXNativeTarget;
			buildConfigurationList = 0AA071E121688D3D00142E4C /* Build configuration list for PBXNativeTarget "StepKit" */;
			buildPhases = (
				0AA071CB21688D3B00142E4C /* Sources */,
				0AA071CC21688D3B00142E4C /* Frameworks */,
				0AA071CD21688D3B00142E4C /* Resources */,
				0ACD1C092190823000041E38 /* Embed Frameworks */,
			);
			buildRules = (
			);
			dependencies = (
				0ACD1C082190822F00041E38 /* PBXTargetDependency */,
				0ACD1C0D2190825200041E38 /* PBXTargetDependency */,
			);
			name = StepKit;
			productName = StepKit;
			productReference = 0AA071CF21688D3B00142E4C /* StepKit.app */;
			productType = "com.apple.product-type.application";
		};
/* End PBXNativeTarget section */

/* Begin PBXProject section */
		0AA071C721688D3B00142E4C /* Project object */ = {
			isa = PBXProject;
			attributes = {
				LastSwiftUpdateCheck = 1000;
				LastUpgradeCheck = 1000;
				ORGANIZATIONNAME = "CONTI Inc.";
				TargetAttributes = {
					0AA071CE21688D3B00142E4C = {
						CreatedOnToolsVersion = 10.0;
						SystemCapabilities = {
							com.apple.BackgroundModes = {
								enabled = 0;
							};
							com.apple.HealthKit = {
								enabled = 1;
							};
						};
					};
				};
			};
			buildConfigurationList = 0AA071CA21688D3B00142E4C /* Build configuration list for PBXProject "StepKit" */;
			compatibilityVersion = "Xcode 9.3";
			developmentRegion = en;
			hasScannedForEncodings = 0;
			knownRegions = (
				en,
				Base,
			);
			mainGroup = 0AA071C621688D3B00142E4C;
			productRefGroup = 0AA071D021688D3B00142E4C /* Products */;
			projectDirPath = "";
			projectReferences = (
				{
					ProductGroup = 0AE1D279219080620050FC3B /* Products */;
					ProjectRef = 0AE1D278219080620050FC3B /* XCGLogger.xcodeproj */;
				},
			);
			projectRoot = "";
			targets = (
				0AA071CE21688D3B00142E4C /* StepKit */,
			);
		};
/* End PBXProject section */

/* Begin PBXReferenceProxy section */
		0AE1D288219080620050FC3B /* XCGLogger.framework */ = {
			isa = PBXReferenceProxy;
			fileType = wrapper.framework;
			path = XCGLogger.framework;
			remoteRef = 0AE1D287219080620050FC3B /* PBXContainerItemProxy */;
			sourceTree = BUILT_PRODUCTS_DIR;
		};
		0AE1D28A219080620050FC3B /* XCGLogger.framework */ = {
			isa = PBXReferenceProxy;
			fileType = wrapper.framework;
			path = XCGLogger.framework;
			remoteRef = 0AE1D289219080620050FC3B /* PBXContainerItemProxy */;
			sourceTree = BUILT_PRODUCTS_DIR;
		};
		0AE1D28C219080620050FC3B /* XCGLogger.framework */ = {
			isa = PBXReferenceProxy;
			fileType = wrapper.framework;
			path = XCGLogger.framework;
			remoteRef = 0AE1D28B219080620050FC3B /* PBXContainerItemProxy */;
			sourceTree = BUILT_PRODUCTS_DIR;
		};
		0AE1D28E219080620050FC3B /* XCGLogger.framework */ = {
			isa = PBXReferenceProxy;
			fileType = wrapper.framework;
			path = XCGLogger.framework;
			remoteRef = 0AE1D28D219080620050FC3B /* PBXContainerItemProxy */;
			sourceTree = BUILT_PRODUCTS_DIR;
		};
		0AE1D290219080620050FC3B /* XCGLoggerTests (iOS).xctest */ = {
			isa = PBXReferenceProxy;
			fileType = wrapper.cfbundle;
			path = "XCGLoggerTests (iOS).xctest";
			remoteRef = 0AE1D28F219080620050FC3B /* PBXContainerItemProxy */;
			sourceTree = BUILT_PRODUCTS_DIR;
		};
		0AE1D292219080620050FC3B /* XCGLoggerTests (macOS).xctest */ = {
			isa = PBXReferenceProxy;
			fileType = wrapper.cfbundle;
			path = "XCGLoggerTests (macOS).xctest";
			remoteRef = 0AE1D291219080620050FC3B /* PBXContainerItemProxy */;
			sourceTree = BUILT_PRODUCTS_DIR;
		};
		0AE1D294219080620050FC3B /* XCGLoggerTests (watchOS).xctest */ = {
			isa = PBXReferenceProxy;
			fileType = wrapper.cfbundle;
			path = "XCGLoggerTests (watchOS).xctest";
			remoteRef = 0AE1D293219080620050FC3B /* PBXContainerItemProxy */;
			sourceTree = BUILT_PRODUCTS_DIR;
		};
		0AE1D296219080620050FC3B /* XCGLoggerTests (tvOS).xctest */ = {
			isa = PBXReferenceProxy;
			fileType = wrapper.cfbundle;
			path = "XCGLoggerTests (tvOS).xctest";
			remoteRef = 0AE1D295219080620050FC3B /* PBXContainerItemProxy */;
			sourceTree = BUILT_PRODUCTS_DIR;
		};
		0AE1D298219080620050FC3B /* ObjcExceptionBridging.framework */ = {
			isa = PBXReferenceProxy;
			fileType = wrapper.framework;
			path = ObjcExceptionBridging.framework;
			remoteRef = 0AE1D297219080620050FC3B /* PBXContainerItemProxy */;
			sourceTree = BUILT_PRODUCTS_DIR;
		};
		0AE1D29A219080620050FC3B /* ObjcExceptionBridging.framework */ = {
			isa = PBXReferenceProxy;
			fileType = wrapper.framework;
			path = ObjcExceptionBridging.framework;
			remoteRef = 0AE1D299219080620050FC3B /* PBXContainerItemProxy */;
			sourceTree = BUILT_PRODUCTS_DIR;
		};
		0AE1D29C219080620050FC3B /* ObjcExceptionBridging.framework */ = {
			isa = PBXReferenceProxy;
			fileType = wrapper.framework;
			path = ObjcExceptionBridging.framework;
			remoteRef = 0AE1D29B219080620050FC3B /* PBXContainerItemProxy */;
			sourceTree = BUILT_PRODUCTS_DIR;
		};
		0AE1D29E219080620050FC3B /* ObjcExceptionBridging.framework */ = {
			isa = PBXReferenceProxy;
			fileType = wrapper.framework;
			path = ObjcExceptionBridging.framework;
			remoteRef = 0AE1D29D219080620050FC3B /* PBXContainerItemProxy */;
			sourceTree = BUILT_PRODUCTS_DIR;
		};
/* End PBXReferenceProxy section */

/* Begin PBXResourcesBuildPhase section */
		0AA071CD21688D3B00142E4C /* Resources */ = {
			isa = PBXResourcesBuildPhase;
			buildActionMask = 2147483647;
			files = (
				0AA071DD21688D3D00142E4C /* LaunchScreen.storyboard in Resources */,
				0AA071DA21688D3D00142E4C /* Assets.xcassets in Resources */,
				0AA071D821688D3B00142E4C /* Main.storyboard in Resources */,
			);
			runOnlyForDeploymentPostprocessing = 0;
		};
/* End PBXResourcesBuildPhase section */

/* Begin PBXSourcesBuildPhase section */
		0AA071CB21688D3B00142E4C /* Sources */ = {
			isa = PBXSourcesBuildPhase;
			buildActionMask = 2147483647;
			files = (
				0AA071D521688D3B00142E4C /* ViewController.swift in Sources */,
				0A4F91EC217AD8170049ACC0 /* MonthRecord.swift in Sources */,
				0AA071D321688D3B00142E4C /* AppDelegate.swift in Sources */,
				0A4F91E2217AD80E0049ACC0 /* StepKitManager.swift in Sources */,
				0AB68D56219592B0005BD855 /* CoreMotionManager.swift in Sources */,
				0A4F91E9217AD8170049ACC0 /* DayRecord.swift in Sources */,
			);
			runOnlyForDeploymentPostprocessing = 0;
		};
/* End PBXSourcesBuildPhase section */

/* Begin PBXTargetDependency section */
		0ACD1C082190822F00041E38 /* PBXTargetDependency */ = {
			isa = PBXTargetDependency;
			name = "XCGLogger (iOS)";
			targetProxy = 0ACD1C072190822F00041E38 /* PBXContainerItemProxy */;
		};
		0ACD1C0D2190825200041E38 /* PBXTargetDependency */ = {
			isa = PBXTargetDependency;
			name = "ObjcExceptionBridging (iOS)";
			targetProxy = 0ACD1C0C2190825200041E38 /* PBXContainerItemProxy */;
		};
/* End PBXTargetDependency section */

/* Begin PBXVariantGroup section */
		0AA071D621688D3B00142E4C /* Main.storyboard */ = {
			isa = PBXVariantGroup;
			children = (
				0AA071D721688D3B00142E4C /* Base */,
			);
			name = Main.storyboard;
			sourceTree = "<group>";
		};
		0AA071DB21688D3D00142E4C /* LaunchScreen.storyboard */ = {
			isa = PBXVariantGroup;
			children = (
				0AA071DC21688D3D00142E4C /* Base */,
			);
			name = LaunchScreen.storyboard;
			sourceTree = "<group>";
		};
/* End PBXVariantGroup section */

/* Begin XCBuildConfiguration section */
		0AA071DF21688D3D00142E4C /* Debug */ = {
			isa = XCBuildConfiguration;
			buildSettings = {
				ALWAYS_SEARCH_USER_PATHS = NO;
				CLANG_ANALYZER_NONNULL = YES;
				CLANG_ANALYZER_NUMBER_OBJECT_CONVERSION = YES_AGGRESSIVE;
				CLANG_CXX_LANGUAGE_STANDARD = "gnu++14";
				CLANG_CXX_LIBRARY = "libc++";
				CLANG_ENABLE_MODULES = YES;
				CLANG_ENABLE_OBJC_ARC = YES;
				CLANG_ENABLE_OBJC_WEAK = YES;
				CLANG_WARN_BLOCK_CAPTURE_AUTORELEASING = YES;
				CLANG_WARN_BOOL_CONVERSION = YES;
				CLANG_WARN_COMMA = YES;
				CLANG_WARN_CONSTANT_CONVERSION = YES;
				CLANG_WARN_DEPRECATED_OBJC_IMPLEMENTATIONS = YES;
				CLANG_WARN_DIRECT_OBJC_ISA_USAGE = YES_ERROR;
				CLANG_WARN_DOCUMENTATION_COMMENTS = YES;
				CLANG_WARN_EMPTY_BODY = YES;
				CLANG_WARN_ENUM_CONVERSION = YES;
				CLANG_WARN_INFINITE_RECURSION = YES;
				CLANG_WARN_INT_CONVERSION = YES;
				CLANG_WARN_NON_LITERAL_NULL_CONVERSION = YES;
				CLANG_WARN_OBJC_IMPLICIT_RETAIN_SELF = YES;
				CLANG_WARN_OBJC_LITERAL_CONVERSION = YES;
				CLANG_WARN_OBJC_ROOT_CLASS = YES_ERROR;
				CLANG_WARN_RANGE_LOOP_ANALYSIS = YES;
				CLANG_WARN_STRICT_PROTOTYPES = YES;
				CLANG_WARN_SUSPICIOUS_MOVE = YES;
				CLANG_WARN_UNGUARDED_AVAILABILITY = YES_AGGRESSIVE;
				CLANG_WARN_UNREACHABLE_CODE = YES;
				CLANG_WARN__DUPLICATE_METHOD_MATCH = YES;
				CODE_SIGN_IDENTITY = "iPhone Developer";
				COPY_PHASE_STRIP = NO;
				DEBUG_INFORMATION_FORMAT = dwarf;
				ENABLE_STRICT_OBJC_MSGSEND = YES;
				ENABLE_TESTABILITY = YES;
				GCC_C_LANGUAGE_STANDARD = gnu11;
				GCC_DYNAMIC_NO_PIC = NO;
				GCC_NO_COMMON_BLOCKS = YES;
				GCC_OPTIMIZATION_LEVEL = 0;
				GCC_PREPROCESSOR_DEFINITIONS = (
					"DEBUG=1",
					"$(inherited)",
				);
				GCC_WARN_64_TO_32_BIT_CONVERSION = YES;
				GCC_WARN_ABOUT_RETURN_TYPE = YES_ERROR;
				GCC_WARN_UNDECLARED_SELECTOR = YES;
				GCC_WARN_UNINITIALIZED_AUTOS = YES_AGGRESSIVE;
				GCC_WARN_UNUSED_FUNCTION = YES;
				GCC_WARN_UNUSED_VARIABLE = YES;
				IPHONEOS_DEPLOYMENT_TARGET = 12.0;
				MTL_ENABLE_DEBUG_INFO = INCLUDE_SOURCE;
				MTL_FAST_MATH = YES;
				ONLY_ACTIVE_ARCH = YES;
				SDKROOT = iphoneos;
				SWIFT_ACTIVE_COMPILATION_CONDITIONS = DEBUG;
				SWIFT_OPTIMIZATION_LEVEL = "-Onone";
			};
			name = Debug;
		};
		0AA071E021688D3D00142E4C /* Release */ = {
			isa = XCBuildConfiguration;
			buildSettings = {
				ALWAYS_SEARCH_USER_PATHS = NO;
				CLANG_ANALYZER_NONNULL = YES;
				CLANG_ANALYZER_NUMBER_OBJECT_CONVERSION = YES_AGGRESSIVE;
				CLANG_CXX_LANGUAGE_STANDARD = "gnu++14";
				CLANG_CXX_LIBRARY = "libc++";
				CLANG_ENABLE_MODULES = YES;
				CLANG_ENABLE_OBJC_ARC = YES;
				CLANG_ENABLE_OBJC_WEAK = YES;
				CLANG_WARN_BLOCK_CAPTURE_AUTORELEASING = YES;
				CLANG_WARN_BOOL_CONVERSION = YES;
				CLANG_WARN_COMMA = YES;
				CLANG_WARN_CONSTANT_CONVERSION = YES;
				CLANG_WARN_DEPRECATED_OBJC_IMPLEMENTATIONS = YES;
				CLANG_WARN_DIRECT_OBJC_ISA_USAGE = YES_ERROR;
				CLANG_WARN_DOCUMENTATION_COMMENTS = YES;
				CLANG_WARN_EMPTY_BODY = YES;
				CLANG_WARN_ENUM_CONVERSION = YES;
				CLANG_WARN_INFINITE_RECURSION = YES;
				CLANG_WARN_INT_CONVERSION = YES;
				CLANG_WARN_NON_LITERAL_NULL_CONVERSION = YES;
				CLANG_WARN_OBJC_IMPLICIT_RETAIN_SELF = YES;
				CLANG_WARN_OBJC_LITERAL_CONVERSION = YES;
				CLANG_WARN_OBJC_ROOT_CLASS = YES_ERROR;
				CLANG_WARN_RANGE_LOOP_ANALYSIS = YES;
				CLANG_WARN_STRICT_PROTOTYPES = YES;
				CLANG_WARN_SUSPICIOUS_MOVE = YES;
				CLANG_WARN_UNGUARDED_AVAILABILITY = YES_AGGRESSIVE;
				CLANG_WARN_UNREACHABLE_CODE = YES;
				CLANG_WARN__DUPLICATE_METHOD_MATCH = YES;
				CODE_SIGN_IDENTITY = "iPhone Developer";
				COPY_PHASE_STRIP = NO;
				DEBUG_INFORMATION_FORMAT = "dwarf-with-dsym";
				ENABLE_NS_ASSERTIONS = NO;
				ENABLE_STRICT_OBJC_MSGSEND = YES;
				GCC_C_LANGUAGE_STANDARD = gnu11;
				GCC_NO_COMMON_BLOCKS = YES;
				GCC_WARN_64_TO_32_BIT_CONVERSION = YES;
				GCC_WARN_ABOUT_RETURN_TYPE = YES_ERROR;
				GCC_WARN_UNDECLARED_SELECTOR = YES;
				GCC_WARN_UNINITIALIZED_AUTOS = YES_AGGRESSIVE;
				GCC_WARN_UNUSED_FUNCTION = YES;
				GCC_WARN_UNUSED_VARIABLE = YES;
				IPHONEOS_DEPLOYMENT_TARGET = 12.0;
				MTL_ENABLE_DEBUG_INFO = NO;
				MTL_FAST_MATH = YES;
				SDKROOT = iphoneos;
				SWIFT_COMPILATION_MODE = wholemodule;
				SWIFT_OPTIMIZATION_LEVEL = "-O";
				VALIDATE_PRODUCT = YES;
			};
			name = Release;
		};
		0AA071E221688D3D00142E4C /* Debug */ = {
			isa = XCBuildConfiguration;
			buildSettings = {
				ALWAYS_EMBED_SWIFT_STANDARD_LIBRARIES = YES;
				ASSETCATALOG_COMPILER_APPICON_NAME = AppIcon;
				CODE_SIGN_ENTITLEMENTS = StepKit/StepKit.entitlements;
				CODE_SIGN_IDENTITY = "iPhone Developer";
				CODE_SIGN_STYLE = Automatic;
				DEVELOPMENT_TEAM = LQG53WG96F;
				INFOPLIST_FILE = StepKit/Info.plist;
				LD_RUNPATH_SEARCH_PATHS = (
					"$(inherited)",
					"@executable_path/Frameworks",
				);
				PRODUCT_BUNDLE_IDENTIFIER = com.conti.StepKit;
				PRODUCT_NAME = "$(TARGET_NAME)";
				PROVISIONING_PROFILE_SPECIFIER = "";
				SWIFT_VERSION = 4.2;
				TARGETED_DEVICE_FAMILY = "1,2";
			};
			name = Debug;
		};
		0AA071E321688D3D00142E4C /* Release */ = {
			isa = XCBuildConfiguration;
			buildSettings = {
				ALWAYS_EMBED_SWIFT_STANDARD_LIBRARIES = YES;
				ASSETCATALOG_COMPILER_APPICON_NAME = AppIcon;
				CODE_SIGN_ENTITLEMENTS = StepKit/StepKit.entitlements;
				CODE_SIGN_IDENTITY = "iPhone Developer";
				CODE_SIGN_STYLE = Automatic;
				DEVELOPMENT_TEAM = LQG53WG96F;
				INFOPLIST_FILE = StepKit/Info.plist;
				LD_RUNPATH_SEARCH_PATHS = (
					"$(inherited)",
					"@executable_path/Frameworks",
				);
				PRODUCT_BUNDLE_IDENTIFIER = com.conti.StepKit;
				PRODUCT_NAME = "$(TARGET_NAME)";
				PROVISIONING_PROFILE_SPECIFIER = "";
				SWIFT_VERSION = 4.2;
				TARGETED_DEVICE_FAMILY = "1,2";
			};
			name = Release;
		};
/* End XCBuildConfiguration section */

/* Begin XCConfigurationList section */
		0AA071CA21688D3B00142E4C /* Build configuration list for PBXProject "StepKit" */ = {
			isa = XCConfigurationList;
			buildConfigurations = (
				0AA071DF21688D3D00142E4C /* Debug */,
				0AA071E021688D3D00142E4C /* Release */,
			);
			defaultConfigurationIsVisible = 0;
			defaultConfigurationName = Release;
		};
		0AA071E121688D3D00142E4C /* Build configuration list for PBXNativeTarget "StepKit" */ = {
			isa = XCConfigurationList;
			buildConfigurations = (
				0AA071E221688D3D00142E4C /* Debug */,
				0AA071E321688D3D00142E4C /* Release */,
			);
			defaultConfigurationIsVisible = 0;
			defaultConfigurationName = Release;
		};
/* End XCConfigurationList section */
	};
	rootObject = 0AA071C721688D3B00142E4C /* Project object */;
}
